
Microsoft Visual Studio Solution File, Format Version 12.00
# Visual Studio Version 17
VisualStudioVersion = 17.11.35312.102
MinimumVisualStudioVersion = 10.0.40219.1
Project("{FAE04EC0-301F-11D3-BF4B-00C04F79EFBC}") = "Carshering2", "Carshering2\Carshering2.csproj", "{1D140E81-D007-4459-8219-9FF5595E7D97}"
EndProject
Global
	GlobalSection(SolutionConfigurationPlatforms) = preSolution
		Debug|Any CPU = Debug|Any CPU
		Release|Any CPU = Release|Any CPU
	EndGlobalSection
	GlobalSection(ProjectConfigurationPlatforms) = postSolution
		{1D140E81-D007-4459-8219-9FF5595E7D97}.Debug|Any CPU.ActiveCfg = Debug|Any CPU
		{1D140E81-D007-4459-8219-9FF5595E7D97}.Debug|Any CPU.Build.0 = Debug|Any CPU
		{1D140E81-D007-4459-8219-9FF5595E7D97}.Release|Any CPU.ActiveCfg = Release|Any CPU
		{1D140E81-D007-4459-8219-9FF5595E7D97}.Release|Any CPU.Build.0 = Release|Any CPU
	EndGlobalSection
	GlobalSection(SolutionProperties) = preSolution
		HideSolutionNode = FALSE
	EndGlobalSection
	GlobalSection(ExtensibilityGlobals) = postSolution
		SolutionGuid = {23276A7D-278F-4FA3-A014-CEB5D27B1539}
	EndGlobalSection
EndGlobal
